
Microsoft Visual Studio Solution File, Format Version 12.00
# Visual Studio Version 17
VisualStudioVersion = 17.9.34622.214
MinimumVisualStudioVersion = 10.0.40219.1
Project("{9A19103F-16F7-4668-BE54-9A1E7A4F7556}") = "003_bmiCS", "003_bmiCS\003_bmiCS.csproj", "{B1541C4F-3E59-4E10-A34A-4B5C65FA789B}"
EndProject
Project("{FAE04EC0-301F-11D3-BF4B-00C04F79EFBC}") = "004_bmiForms", "004_bmiForms\004_bmiForms.csproj", "{CA1F7F26-27CA-463F-A8EB-65ECFBCE3F1C}"
EndProject
Project("{FAE04EC0-301F-11D3-BF4B-00C04F79EFBC}") = "005_login", "005_login\005_login.csproj", "{41E56B0C-FBA1-4569-B3DF-3D9878E225A1}"
EndProject
Project("{8BC9CEB8-8B4A-11D0-8D11-00A0C91BC942}") = "001_bmiC", "001_bmiC\001_bmiC.vcxproj", "{F7EAED83-E5A6-43BF-9EDF-945FF8C3D34A}"
EndProject
Project("{8BC9CEB8-8B4A-11D0-8D11-00A0C91BC942}") = "002_bmiCPP", "002_bmiCPP\002_bmiCPP.vcxproj", "{0D92B8F8-AC7F-44E4-9431-D37D9E0A9D2E}"
EndProject
Project("{FAE04EC0-301F-11D3-BF4B-00C04F79EFBC}") = "006_BasicCompo", "006_BasicCompo\006_BasicCompo.csproj", "{45EB8BC7-9C04-49F5-A761-06D1853AD737}"
EndProject
Project("{FAE04EC0-301F-11D3-BF4B-00C04F79EFBC}") = "007_MessageBoxes", "007_MessageBoxes\007_MessageBoxes.csproj", "{6D2A4A4E-1CAB-40B2-886A-EC75DA155584}"
EndProject
Project("{FAE04EC0-301F-11D3-BF4B-00C04F79EFBC}") = "008_Labels", "008_Labels\008_Labels.csproj", "{4FD29DB1-1F47-4594-B027-9D4BCB19BA5F}"
EndProject
Project("{FAE04EC0-301F-11D3-BF4B-00C04F79EFBC}") = "009_CheckBox", "009_CheckBox\009_CheckBox.csproj", "{7B770D78-EF8F-411D-A3B5-B4E8DC45C384}"
EndProject
Project("{FAE04EC0-301F-11D3-BF4B-00C04F79EFBC}") = "010_RadioBtn", "010_RadioBtn\010_RadioBtn.csproj", "{BFD4D29C-5DD4-482F-9B58-EDBD837F3094}"
EndProject
Project("{FAE04EC0-301F-11D3-BF4B-00C04F79EFBC}") = "011_ScoreCalq", "011_ScoreCalq\011_ScoreCalq.csproj", "{3C3E0BC2-3014-47E8-A767-A573D9305B12}"
EndProject
Project("{FAE04EC0-301F-11D3-BF4B-00C04F79EFBC}") = "012_Combo", "012_Combo\012_Combo.csproj", "{6CE966A1-4766-4984-BA3A-27926D9197EF}"
EndProject
Project("{9A19103F-16F7-4668-BE54-9A1E7A4F7556}") = "013_Array", "013_Array\013_Array.csproj", "{304EFD59-CB48-4C40-B5AF-848923A90D7A}"
EndProject
Project("{9A19103F-16F7-4668-BE54-9A1E7A4F7556}") = "014_loop", "014_loop\014_loop.csproj", "{0FEB5A01-ED16-44BB-914E-A3140ADBE41E}"
EndProject
Project("{9A19103F-16F7-4668-BE54-9A1E7A4F7556}") = "015_Random", "015_Random\015_Random.csproj", "{D65370BA-9FB7-4449-A606-453A0BE596A3}"
EndProject
Project("{FAE04EC0-301F-11D3-BF4B-00C04F79EFBC}") = "016_Test", "016_Test\016_Test.csproj", "{5F825096-2C53-45DB-BAD4-AD04E882AF31}"
EndProject
Project("{FAE04EC0-301F-11D3-BF4B-00C04F79EFBC}") = "017_Chart", "017_Chart\017_Chart.csproj", "{76AC1E19-1DEC-4B6A-B713-F8F0A27796F7}"
EndProject
Project("{FAE04EC0-301F-11D3-BF4B-00C04F79EFBC}") = "018_TwoChart", "018_TwoChart\018_TwoChart.csproj", "{68AEF0F5-EFFF-4A51-90BB-5EA6871209AE}"
EndProject
Project("{FAE04EC0-301F-11D3-BF4B-00C04F79EFBC}") = "019_Math", "019_Math\019_Math.csproj", "{32B3D365-9DF9-4EEC-802B-083FF071D283}"
EndProject
Project("{FAE04EC0-301F-11D3-BF4B-00C04F79EFBC}") = "020_DClock", "020_DClock\020_DClock.csproj", "{10DE433B-2132-41E5-A560-C9EE4C0E2957}"
EndProject
Project("{FAE04EC0-301F-11D3-BF4B-00C04F79EFBC}") = "021_AnalogClock", "021_AnalogClock\021_AnalogClock.csproj", "{EB22058C-EA97-4725-9FED-E355A1BF110C}"
EndProject
Project("{FAE04EC0-301F-11D3-BF4B-00C04F79EFBC}") = "022_FireBase", "022_FireBase\022_FireBase.csproj", "{A9788DFB-6ADF-42C1-9491-911B175A2864}"
EndProject
Project("{9A19103F-16F7-4668-BE54-9A1E7A4F7556}") = "023_Property", "023_Property\023_Property.csproj", "{FF714176-B9A8-47F3-9241-E0493F0A94D0}"
EndProject
Project("{FAE04EC0-301F-11D3-BF4B-00C04F79EFBC}") = "024_TwoForms", "024_TwoForms\024_TwoForms.csproj", "{1E5570D0-789D-4F26-9DF1-F3F6D2AC4D89}"
EndProject
Project("{FAE04EC0-301F-11D3-BF4B-00C04F79EFBC}") = "025_SensorMonitering", "025_SensorMonitering\025_SensorMonitering.csproj", "{D6A89A35-FACA-43D7-A9A2-81BFFF5C9830}"
EndProject
Project("{FAE04EC0-301F-11D3-BF4B-00C04F79EFBC}") = "026_WpfHello", "026_WpfHello\026_WpfHello.csproj", "{E2783ECC-6851-4050-BC74-C88FAF962731}"
EndProject
Project("{FAE04EC0-301F-11D3-BF4B-00C04F79EFBC}") = "027_Grid", "027_Grid\027_Grid.csproj", "{32790067-24F4-4D24-BD24-BE29912F7A87}"
EndProject
Project("{FAE04EC0-301F-11D3-BF4B-00C04F79EFBC}") = "028_StckPanel", "028_StckPanel\028_StckPanel.csproj", "{ACB8BB0A-5974-466D-95A8-A6B21C69BC64}"
EndProject
Project("{FAE04EC0-301F-11D3-BF4B-00C04F79EFBC}") = "029_WpfLogin", "029_WpfLogin\029_WpfLogin.csproj", "{31205D35-0341-478B-9F52-0EEFEA8B3998}"
EndProject
Project("{FAE04EC0-301F-11D3-BF4B-00C04F79EFBC}") = "030_CheckBox", "030_CheckBox\030_CheckBox.csproj", "{C05E6781-BBA7-47AA-96C4-A763661DA9E6}"
EndProject
Project("{FAE04EC0-301F-11D3-BF4B-00C04F79EFBC}") = "031_Button", "031_Button\031_Button.csproj", "{B2B0FB66-F7A3-46A0-986C-189F25357A54}"
EndProject
Project("{FAE04EC0-301F-11D3-BF4B-00C04F79EFBC}") = "031_wpfgae", "031_wpfgae\031_wpfgae.csproj", "{CCDCF9A4-5207-40EA-A0A2-86BDD2FEA22C}"
EndProject
Project("{FAE04EC0-301F-11D3-BF4B-00C04F79EFBC}") = "033_Mysql", "033_Mysql\033_Mysql.csproj", "{6092AEDB-13CB-41A3-AAA6-CFADEF13B0D6}"
EndProject
Project("{FAE04EC0-301F-11D3-BF4B-00C04F79EFBC}") = "034_SnakeBite", "034_SnakeBite\034_SnakeBite.csproj", "{7B82DBA8-9277-47D7-9A5A-1494883AE425}"
EndProject
Global
	GlobalSection(SolutionConfigurationPlatforms) = preSolution
		Debug|Any CPU = Debug|Any CPU
		Debug|x64 = Debug|x64
		Debug|x86 = Debug|x86
		Release|Any CPU = Release|Any CPU
		Release|x64 = Release|x64
		Release|x86 = Release|x86
	EndGlobalSection
	GlobalSection(ProjectConfigurationPlatforms) = postSolution
		{B1541C4F-3E59-4E10-A34A-4B5C65FA789B}.Debug|Any CPU.ActiveCfg = Debug|Any CPU
		{B1541C4F-3E59-4E10-A34A-4B5C65FA789B}.Debug|Any CPU.Build.0 = Debug|Any CPU
		{B1541C4F-3E59-4E10-A34A-4B5C65FA789B}.Debug|x64.ActiveCfg = Debug|Any CPU
		{B1541C4F-3E59-4E10-A34A-4B5C65FA789B}.Debug|x64.Build.0 = Debug|Any CPU
		{B1541C4F-3E59-4E10-A34A-4B5C65FA789B}.Debug|x86.ActiveCfg = Debug|Any CPU
		{B1541C4F-3E59-4E10-A34A-4B5C65FA789B}.Debug|x86.Build.0 = Debug|Any CPU
		{B1541C4F-3E59-4E10-A34A-4B5C65FA789B}.Release|Any CPU.ActiveCfg = Release|Any CPU
		{B1541C4F-3E59-4E10-A34A-4B5C65FA789B}.Release|Any CPU.Build.0 = Release|Any CPU
		{B1541C4F-3E59-4E10-A34A-4B5C65FA789B}.Release|x64.ActiveCfg = Release|Any CPU
		{B1541C4F-3E59-4E10-A34A-4B5C65FA789B}.Release|x64.Build.0 = Release|Any CPU
		{B1541C4F-3E59-4E10-A34A-4B5C65FA789B}.Release|x86.ActiveCfg = Release|Any CPU
		{B1541C4F-3E59-4E10-A34A-4B5C65FA789B}.Release|x86.Build.0 = Release|Any CPU
		{CA1F7F26-27CA-463F-A8EB-65ECFBCE3F1C}.Debug|Any CPU.ActiveCfg = Debug|Any CPU
		{CA1F7F26-27CA-463F-A8EB-65ECFBCE3F1C}.Debug|Any CPU.Build.0 = Debug|Any CPU
		{CA1F7F26-27CA-463F-A8EB-65ECFBCE3F1C}.Debug|x64.ActiveCfg = Debug|Any CPU
		{CA1F7F26-27CA-463F-A8EB-65ECFBCE3F1C}.Debug|x64.Build.0 = Debug|Any CPU
		{CA1F7F26-27CA-463F-A8EB-65ECFBCE3F1C}.Debug|x86.ActiveCfg = Debug|Any CPU
		{CA1F7F26-27CA-463F-A8EB-65ECFBCE3F1C}.Debug|x86.Build.0 = Debug|Any CPU
		{CA1F7F26-27CA-463F-A8EB-65ECFBCE3F1C}.Release|Any CPU.ActiveCfg = Release|Any CPU
		{CA1F7F26-27CA-463F-A8EB-65ECFBCE3F1C}.Release|Any CPU.Build.0 = Release|Any CPU
		{CA1F7F26-27CA-463F-A8EB-65ECFBCE3F1C}.Release|x64.ActiveCfg = Release|Any CPU
		{CA1F7F26-27CA-463F-A8EB-65ECFBCE3F1C}.Release|x64.Build.0 = Release|Any CPU
		{CA1F7F26-27CA-463F-A8EB-65ECFBCE3F1C}.Release|x86.ActiveCfg = Release|Any CPU
		{CA1F7F26-27CA-463F-A8EB-65ECFBCE3F1C}.Release|x86.Build.0 = Release|Any CPU
		{41E56B0C-FBA1-4569-B3DF-3D9878E225A1}.Debug|Any CPU.ActiveCfg = Debug|Any CPU
		{41E56B0C-FBA1-4569-B3DF-3D9878E225A1}.Debug|Any CPU.Build.0 = Debug|Any CPU
		{41E56B0C-FBA1-4569-B3DF-3D9878E225A1}.Debug|x64.ActiveCfg = Debug|Any CPU
		{41E56B0C-FBA1-4569-B3DF-3D9878E225A1}.Debug|x64.Build.0 = Debug|Any CPU
		{41E56B0C-FBA1-4569-B3DF-3D9878E225A1}.Debug|x86.ActiveCfg = Debug|Any CPU
		{41E56B0C-FBA1-4569-B3DF-3D9878E225A1}.Debug|x86.Build.0 = Debug|Any CPU
		{41E56B0C-FBA1-4569-B3DF-3D9878E225A1}.Release|Any CPU.ActiveCfg = Release|Any CPU
		{41E56B0C-FBA1-4569-B3DF-3D9878E225A1}.Release|Any CPU.Build.0 = Release|Any CPU
		{41E56B0C-FBA1-4569-B3DF-3D9878E225A1}.Release|x64.ActiveCfg = Release|Any CPU
		{41E56B0C-FBA1-4569-B3DF-3D9878E225A1}.Release|x64.Build.0 = Release|Any CPU
		{41E56B0C-FBA1-4569-B3DF-3D9878E225A1}.Release|x86.ActiveCfg = Release|Any CPU
		{41E56B0C-FBA1-4569-B3DF-3D9878E225A1}.Release|x86.Build.0 = Release|Any CPU
		{F7EAED83-E5A6-43BF-9EDF-945FF8C3D34A}.Debug|Any CPU.ActiveCfg = Debug|x64
		{F7EAED83-E5A6-43BF-9EDF-945FF8C3D34A}.Debug|Any CPU.Build.0 = Debug|x64
		{F7EAED83-E5A6-43BF-9EDF-945FF8C3D34A}.Debug|x64.ActiveCfg = Debug|x64
		{F7EAED83-E5A6-43BF-9EDF-945FF8C3D34A}.Debug|x64.Build.0 = Debug|x64
		{F7EAED83-E5A6-43BF-9EDF-945FF8C3D34A}.Debug|x86.ActiveCfg = Debug|Win32
		{F7EAED83-E5A6-43BF-9EDF-945FF8C3D34A}.Debug|x86.Build.0 = Debug|Win32
		{F7EAED83-E5A6-43BF-9EDF-945FF8C3D34A}.Release|Any CPU.ActiveCfg = Release|x64
		{F7EAED83-E5A6-43BF-9EDF-945FF8C3D34A}.Release|Any CPU.Build.0 = Release|x64
		{F7EAED83-E5A6-43BF-9EDF-945FF8C3D34A}.Release|x64.ActiveCfg = Release|x64
		{F7EAED83-E5A6-43BF-9EDF-945FF8C3D34A}.Release|x64.Build.0 = Release|x64
		{F7EAED83-E5A6-43BF-9EDF-945FF8C3D34A}.Release|x86.ActiveCfg = Release|Win32
		{F7EAED83-E5A6-43BF-9EDF-945FF8C3D34A}.Release|x86.Build.0 = Release|Win32
		{0D92B8F8-AC7F-44E4-9431-D37D9E0A9D2E}.Debug|Any CPU.ActiveCfg = Debug|x64
		{0D92B8F8-AC7F-44E4-9431-D37D9E0A9D2E}.Debug|Any CPU.Build.0 = Debug|x64
		{0D92B8F8-AC7F-44E4-9431-D37D9E0A9D2E}.Debug|x64.ActiveCfg = Debug|x64
		{0D92B8F8-AC7F-44E4-9431-D37D9E0A9D2E}.Debug|x64.Build.0 = Debug|x64
		{0D92B8F8-AC7F-44E4-9431-D37D9E0A9D2E}.Debug|x86.ActiveCfg = Debug|Win32
		{0D92B8F8-AC7F-44E4-9431-D37D9E0A9D2E}.Debug|x86.Build.0 = Debug|Win32
		{0D92B8F8-AC7F-44E4-9431-D37D9E0A9D2E}.Release|Any CPU.ActiveCfg = Release|x64
		{0D92B8F8-AC7F-44E4-9431-D37D9E0A9D2E}.Release|Any CPU.Build.0 = Release|x64
		{0D92B8F8-AC7F-44E4-9431-D37D9E0A9D2E}.Release|x64.ActiveCfg = Release|x64
		{0D92B8F8-AC7F-44E4-9431-D37D9E0A9D2E}.Release|x64.Build.0 = Release|x64
		{0D92B8F8-AC7F-44E4-9431-D37D9E0A9D2E}.Release|x86.ActiveCfg = Release|Win32
		{0D92B8F8-AC7F-44E4-9431-D37D9E0A9D2E}.Release|x86.Build.0 = Release|Win32
		{45EB8BC7-9C04-49F5-A761-06D1853AD737}.Debug|Any CPU.ActiveCfg = Debug|Any CPU
		{45EB8BC7-9C04-49F5-A761-06D1853AD737}.Debug|Any CPU.Build.0 = Debug|Any CPU
		{45EB8BC7-9C04-49F5-A761-06D1853AD737}.Debug|x64.ActiveCfg = Debug|Any CPU
		{45EB8BC7-9C04-49F5-A761-06D1853AD737}.Debug|x64.Build.0 = Debug|Any CPU
		{45EB8BC7-9C04-49F5-A761-06D1853AD737}.Debug|x86.ActiveCfg = Debug|Any CPU
		{45EB8BC7-9C04-49F5-A761-06D1853AD737}.Debug|x86.Build.0 = Debug|Any CPU
		{45EB8BC7-9C04-49F5-A761-06D1853AD737}.Release|Any CPU.ActiveCfg = Release|Any CPU
		{45EB8BC7-9C04-49F5-A761-06D1853AD737}.Release|Any CPU.Build.0 = Release|Any CPU
		{45EB8BC7-9C04-49F5-A761-06D1853AD737}.Release|x64.ActiveCfg = Release|Any CPU
		{45EB8BC7-9C04-49F5-A761-06D1853AD737}.Release|x64.Build.0 = Release|Any CPU
		{45EB8BC7-9C04-49F5-A761-06D1853AD737}.Release|x86.ActiveCfg = Release|Any CPU
		{45EB8BC7-9C04-49F5-A761-06D1853AD737}.Release|x86.Build.0 = Release|Any CPU
		{6D2A4A4E-1CAB-40B2-886A-EC75DA155584}.Debug|Any CPU.ActiveCfg = Debug|Any CPU
		{6D2A4A4E-1CAB-40B2-886A-EC75DA155584}.Debug|Any CPU.Build.0 = Debug|Any CPU
		{6D2A4A4E-1CAB-40B2-886A-EC75DA155584}.Debug|x64.ActiveCfg = Debug|Any CPU
		{6D2A4A4E-1CAB-40B2-886A-EC75DA155584}.Debug|x64.Build.0 = Debug|Any CPU
		{6D2A4A4E-1CAB-40B2-886A-EC75DA155584}.Debug|x86.ActiveCfg = Debug|Any CPU
		{6D2A4A4E-1CAB-40B2-886A-EC75DA155584}.Debug|x86.Build.0 = Debug|Any CPU
		{6D2A4A4E-1CAB-40B2-886A-EC75DA155584}.Release|Any CPU.ActiveCfg = Release|Any CPU
		{6D2A4A4E-1CAB-40B2-886A-EC75DA155584}.Release|Any CPU.Build.0 = Release|Any CPU
		{6D2A4A4E-1CAB-40B2-886A-EC75DA155584}.Release|x64.ActiveCfg = Release|Any CPU
		{6D2A4A4E-1CAB-40B2-886A-EC75DA155584}.Release|x64.Build.0 = Release|Any CPU
		{6D2A4A4E-1CAB-40B2-886A-EC75DA155584}.Release|x86.ActiveCfg = Release|Any CPU
		{6D2A4A4E-1CAB-40B2-886A-EC75DA155584}.Release|x86.Build.0 = Release|Any CPU
		{4FD29DB1-1F47-4594-B027-9D4BCB19BA5F}.Debug|Any CPU.ActiveCfg = Debug|Any CPU
		{4FD29DB1-1F47-4594-B027-9D4BCB19BA5F}.Debug|Any CPU.Build.0 = Debug|Any CPU
		{4FD29DB1-1F47-4594-B027-9D4BCB19BA5F}.Debug|x64.ActiveCfg = Debug|Any CPU
		{4FD29DB1-1F47-4594-B027-9D4BCB19BA5F}.Debug|x64.Build.0 = Debug|Any CPU
		{4FD29DB1-1F47-4594-B027-9D4BCB19BA5F}.Debug|x86.ActiveCfg = Debug|Any CPU
		{4FD29DB1-1F47-4594-B027-9D4BCB19BA5F}.Debug|x86.Build.0 = Debug|Any CPU
		{4FD29DB1-1F47-4594-B027-9D4BCB19BA5F}.Release|Any CPU.ActiveCfg = Release|Any CPU
		{4FD29DB1-1F47-4594-B027-9D4BCB19BA5F}.Release|Any CPU.Build.0 = Release|Any CPU
		{4FD29DB1-1F47-4594-B027-9D4BCB19BA5F}.Release|x64.ActiveCfg = Release|Any CPU
		{4FD29DB1-1F47-4594-B027-9D4BCB19BA5F}.Release|x64.Build.0 = Release|Any CPU
		{4FD29DB1-1F47-4594-B027-9D4BCB19BA5F}.Release|x86.ActiveCfg = Release|Any CPU
		{4FD29DB1-1F47-4594-B027-9D4BCB19BA5F}.Release|x86.Build.0 = Release|Any CPU
		{7B770D78-EF8F-411D-A3B5-B4E8DC45C384}.Debug|Any CPU.ActiveCfg = Debug|Any CPU
		{7B770D78-EF8F-411D-A3B5-B4E8DC45C384}.Debug|Any CPU.Build.0 = Debug|Any CPU
		{7B770D78-EF8F-411D-A3B5-B4E8DC45C384}.Debug|x64.ActiveCfg = Debug|Any CPU
		{7B770D78-EF8F-411D-A3B5-B4E8DC45C384}.Debug|x64.Build.0 = Debug|Any CPU
		{7B770D78-EF8F-411D-A3B5-B4E8DC45C384}.Debug|x86.ActiveCfg = Debug|Any CPU
		{7B770D78-EF8F-411D-A3B5-B4E8DC45C384}.Debug|x86.Build.0 = Debug|Any CPU
		{7B770D78-EF8F-411D-A3B5-B4E8DC45C384}.Release|Any CPU.ActiveCfg = Release|Any CPU
		{7B770D78-EF8F-411D-A3B5-B4E8DC45C384}.Release|Any CPU.Build.0 = Release|Any CPU
		{7B770D78-EF8F-411D-A3B5-B4E8DC45C384}.Release|x64.ActiveCfg = Release|Any CPU
		{7B770D78-EF8F-411D-A3B5-B4E8DC45C384}.Release|x64.Build.0 = Release|Any CPU
		{7B770D78-EF8F-411D-A3B5-B4E8DC45C384}.Release|x86.ActiveCfg = Release|Any CPU
		{7B770D78-EF8F-411D-A3B5-B4E8DC45C384}.Release|x86.Build.0 = Release|Any CPU
		{BFD4D29C-5DD4-482F-9B58-EDBD837F3094}.Debug|Any CPU.ActiveCfg = Debug|Any CPU
		{BFD4D29C-5DD4-482F-9B58-EDBD837F3094}.Debug|Any CPU.Build.0 = Debug|Any CPU
		{BFD4D29C-5DD4-482F-9B58-EDBD837F3094}.Debug|x64.ActiveCfg = Debug|Any CPU
		{BFD4D29C-5DD4-482F-9B58-EDBD837F3094}.Debug|x64.Build.0 = Debug|Any CPU
		{BFD4D29C-5DD4-482F-9B58-EDBD837F3094}.Debug|x86.ActiveCfg = Debug|Any CPU
		{BFD4D29C-5DD4-482F-9B58-EDBD837F3094}.Debug|x86.Build.0 = Debug|Any CPU
		{BFD4D29C-5DD4-482F-9B58-EDBD837F3094}.Release|Any CPU.ActiveCfg = Release|Any CPU
		{BFD4D29C-5DD4-482F-9B58-EDBD837F3094}.Release|Any CPU.Build.0 = Release|Any CPU
		{BFD4D29C-5DD4-482F-9B58-EDBD837F3094}.Release|x64.ActiveCfg = Release|Any CPU
		{BFD4D29C-5DD4-482F-9B58-EDBD837F3094}.Release|x64.Build.0 = Release|Any CPU
		{BFD4D29C-5DD4-482F-9B58-EDBD837F3094}.Release|x86.ActiveCfg = Release|Any CPU
		{BFD4D29C-5DD4-482F-9B58-EDBD837F3094}.Release|x86.Build.0 = Release|Any CPU
		{3C3E0BC2-3014-47E8-A767-A573D9305B12}.Debug|Any CPU.ActiveCfg = Debug|Any CPU
		{3C3E0BC2-3014-47E8-A767-A573D9305B12}.Debug|Any CPU.Build.0 = Debug|Any CPU
		{3C3E0BC2-3014-47E8-A767-A573D9305B12}.Debug|x64.ActiveCfg = Debug|Any CPU
		{3C3E0BC2-3014-47E8-A767-A573D9305B12}.Debug|x64.Build.0 = Debug|Any CPU
		{3C3E0BC2-3014-47E8-A767-A573D9305B12}.Debug|x86.ActiveCfg = Debug|Any CPU
		{3C3E0BC2-3014-47E8-A767-A573D9305B12}.Debug|x86.Build.0 = Debug|Any CPU
		{3C3E0BC2-3014-47E8-A767-A573D9305B12}.Release|Any CPU.ActiveCfg = Release|Any CPU
		{3C3E0BC2-3014-47E8-A767-A573D9305B12}.Release|Any CPU.Build.0 = Release|Any CPU
		{3C3E0BC2-3014-47E8-A767-A573D9305B12}.Release|x64.ActiveCfg = Release|Any CPU
		{3C3E0BC2-3014-47E8-A767-A573D9305B12}.Release|x64.Build.0 = Release|Any CPU
		{3C3E0BC2-3014-47E8-A767-A573D9305B12}.Release|x86.ActiveCfg = Release|Any CPU
		{3C3E0BC2-3014-47E8-A767-A573D9305B12}.Release|x86.Build.0 = Release|Any CPU
		{6CE966A1-4766-4984-BA3A-27926D9197EF}.Debug|Any CPU.ActiveCfg = Debug|Any CPU
		{6CE966A1-4766-4984-BA3A-27926D9197EF}.Debug|Any CPU.Build.0 = Debug|Any CPU
		{6CE966A1-4766-4984-BA3A-27926D9197EF}.Debug|x64.ActiveCfg = Debug|Any CPU
		{6CE966A1-4766-4984-BA3A-27926D9197EF}.Debug|x64.Build.0 = Debug|Any CPU
		{6CE966A1-4766-4984-BA3A-27926D9197EF}.Debug|x86.ActiveCfg = Debug|Any CPU
		{6CE966A1-4766-4984-BA3A-27926D9197EF}.Debug|x86.Build.0 = Debug|Any CPU
		{6CE966A1-4766-4984-BA3A-27926D9197EF}.Release|Any CPU.ActiveCfg = Release|Any CPU
		{6CE966A1-4766-4984-BA3A-27926D9197EF}.Release|Any CPU.Build.0 = Release|Any CPU
		{6CE966A1-4766-4984-BA3A-27926D9197EF}.Release|x64.ActiveCfg = Release|Any CPU
		{6CE966A1-4766-4984-BA3A-27926D9197EF}.Release|x64.Build.0 = Release|Any CPU
		{6CE966A1-4766-4984-BA3A-27926D9197EF}.Release|x86.ActiveCfg = Release|Any CPU
		{6CE966A1-4766-4984-BA3A-27926D9197EF}.Release|x86.Build.0 = Release|Any CPU
		{304EFD59-CB48-4C40-B5AF-848923A90D7A}.Debug|Any CPU.ActiveCfg = Debug|Any CPU
		{304EFD59-CB48-4C40-B5AF-848923A90D7A}.Debug|Any CPU.Build.0 = Debug|Any CPU
		{304EFD59-CB48-4C40-B5AF-848923A90D7A}.Debug|x64.ActiveCfg = Debug|Any CPU
		{304EFD59-CB48-4C40-B5AF-848923A90D7A}.Debug|x64.Build.0 = Debug|Any CPU
		{304EFD59-CB48-4C40-B5AF-848923A90D7A}.Debug|x86.ActiveCfg = Debug|Any CPU
		{304EFD59-CB48-4C40-B5AF-848923A90D7A}.Debug|x86.Build.0 = Debug|Any CPU
		{304EFD59-CB48-4C40-B5AF-848923A90D7A}.Release|Any CPU.ActiveCfg = Release|Any CPU
		{304EFD59-CB48-4C40-B5AF-848923A90D7A}.Release|Any CPU.Build.0 = Release|Any CPU
		{304EFD59-CB48-4C40-B5AF-848923A90D7A}.Release|x64.ActiveCfg = Release|Any CPU
		{304EFD59-CB48-4C40-B5AF-848923A90D7A}.Release|x64.Build.0 = Release|Any CPU
		{304EFD59-CB48-4C40-B5AF-848923A90D7A}.Release|x86.ActiveCfg = Release|Any CPU
		{304EFD59-CB48-4C40-B5AF-848923A90D7A}.Release|x86.Build.0 = Release|Any CPU
		{0FEB5A01-ED16-44BB-914E-A3140ADBE41E}.Debug|Any CPU.ActiveCfg = Debug|Any CPU
		{0FEB5A01-ED16-44BB-914E-A3140ADBE41E}.Debug|Any CPU.Build.0 = Debug|Any CPU
		{0FEB5A01-ED16-44BB-914E-A3140ADBE41E}.Debug|x64.ActiveCfg = Debug|Any CPU
		{0FEB5A01-ED16-44BB-914E-A3140ADBE41E}.Debug|x64.Build.0 = Debug|Any CPU
		{0FEB5A01-ED16-44BB-914E-A3140ADBE41E}.Debug|x86.ActiveCfg = Debug|Any CPU
		{0FEB5A01-ED16-44BB-914E-A3140ADBE41E}.Debug|x86.Build.0 = Debug|Any CPU
		{0FEB5A01-ED16-44BB-914E-A3140ADBE41E}.Release|Any CPU.ActiveCfg = Release|Any CPU
		{0FEB5A01-ED16-44BB-914E-A3140ADBE41E}.Release|Any CPU.Build.0 = Release|Any CPU
		{0FEB5A01-ED16-44BB-914E-A3140ADBE41E}.Release|x64.ActiveCfg = Release|Any CPU
		{0FEB5A01-ED16-44BB-914E-A3140ADBE41E}.Release|x64.Build.0 = Release|Any CPU
		{0FEB5A01-ED16-44BB-914E-A3140ADBE41E}.Release|x86.ActiveCfg = Release|Any CPU
		{0FEB5A01-ED16-44BB-914E-A3140ADBE41E}.Release|x86.Build.0 = Release|Any CPU
		{D65370BA-9FB7-4449-A606-453A0BE596A3}.Debug|Any CPU.ActiveCfg = Debug|Any CPU
		{D65370BA-9FB7-4449-A606-453A0BE596A3}.Debug|Any CPU.Build.0 = Debug|Any CPU
		{D65370BA-9FB7-4449-A606-453A0BE596A3}.Debug|x64.ActiveCfg = Debug|Any CPU
		{D65370BA-9FB7-4449-A606-453A0BE596A3}.Debug|x64.Build.0 = Debug|Any CPU
		{D65370BA-9FB7-4449-A606-453A0BE596A3}.Debug|x86.ActiveCfg = Debug|Any CPU
		{D65370BA-9FB7-4449-A606-453A0BE596A3}.Debug|x86.Build.0 = Debug|Any CPU
		{D65370BA-9FB7-4449-A606-453A0BE596A3}.Release|Any CPU.ActiveCfg = Release|Any CPU
		{D65370BA-9FB7-4449-A606-453A0BE596A3}.Release|Any CPU.Build.0 = Release|Any CPU
		{D65370BA-9FB7-4449-A606-453A0BE596A3}.Release|x64.ActiveCfg = Release|Any CPU
		{D65370BA-9FB7-4449-A606-453A0BE596A3}.Release|x64.Build.0 = Release|Any CPU
		{D65370BA-9FB7-4449-A606-453A0BE596A3}.Release|x86.ActiveCfg = Release|Any CPU
		{D65370BA-9FB7-4449-A606-453A0BE596A3}.Release|x86.Build.0 = Release|Any CPU
		{5F825096-2C53-45DB-BAD4-AD04E882AF31}.Debug|Any CPU.ActiveCfg = Debug|Any CPU
		{5F825096-2C53-45DB-BAD4-AD04E882AF31}.Debug|Any CPU.Build.0 = Debug|Any CPU
		{5F825096-2C53-45DB-BAD4-AD04E882AF31}.Debug|x64.ActiveCfg = Debug|Any CPU
		{5F825096-2C53-45DB-BAD4-AD04E882AF31}.Debug|x64.Build.0 = Debug|Any CPU
		{5F825096-2C53-45DB-BAD4-AD04E882AF31}.Debug|x86.ActiveCfg = Debug|Any CPU
		{5F825096-2C53-45DB-BAD4-AD04E882AF31}.Debug|x86.Build.0 = Debug|Any CPU
		{5F825096-2C53-45DB-BAD4-AD04E882AF31}.Release|Any CPU.ActiveCfg = Release|Any CPU
		{5F825096-2C53-45DB-BAD4-AD04E882AF31}.Release|Any CPU.Build.0 = Release|Any CPU
		{5F825096-2C53-45DB-BAD4-AD04E882AF31}.Release|x64.ActiveCfg = Release|Any CPU
		{5F825096-2C53-45DB-BAD4-AD04E882AF31}.Release|x64.Build.0 = Release|Any CPU
		{5F825096-2C53-45DB-BAD4-AD04E882AF31}.Release|x86.ActiveCfg = Release|Any CPU
		{5F825096-2C53-45DB-BAD4-AD04E882AF31}.Release|x86.Build.0 = Release|Any CPU
		{76AC1E19-1DEC-4B6A-B713-F8F0A27796F7}.Debug|Any CPU.ActiveCfg = Debug|Any CPU
		{76AC1E19-1DEC-4B6A-B713-F8F0A27796F7}.Debug|Any CPU.Build.0 = Debug|Any CPU
		{76AC1E19-1DEC-4B6A-B713-F8F0A27796F7}.Debug|x64.ActiveCfg = Debug|Any CPU
		{76AC1E19-1DEC-4B6A-B713-F8F0A27796F7}.Debug|x64.Build.0 = Debug|Any CPU
		{76AC1E19-1DEC-4B6A-B713-F8F0A27796F7}.Debug|x86.ActiveCfg = Debug|Any CPU
		{76AC1E19-1DEC-4B6A-B713-F8F0A27796F7}.Debug|x86.Build.0 = Debug|Any CPU
		{76AC1E19-1DEC-4B6A-B713-F8F0A27796F7}.Release|Any CPU.ActiveCfg = Release|Any CPU
		{76AC1E19-1DEC-4B6A-B713-F8F0A27796F7}.Release|Any CPU.Build.0 = Release|Any CPU
		{76AC1E19-1DEC-4B6A-B713-F8F0A27796F7}.Release|x64.ActiveCfg = Release|Any CPU
		{76AC1E19-1DEC-4B6A-B713-F8F0A27796F7}.Release|x64.Build.0 = Release|Any CPU
		{76AC1E19-1DEC-4B6A-B713-F8F0A27796F7}.Release|x86.ActiveCfg = Release|Any CPU
		{76AC1E19-1DEC-4B6A-B713-F8F0A27796F7}.Release|x86.Build.0 = Release|Any CPU
		{68AEF0F5-EFFF-4A51-90BB-5EA6871209AE}.Debug|Any CPU.ActiveCfg = Debug|Any CPU
		{68AEF0F5-EFFF-4A51-90BB-5EA6871209AE}.Debug|Any CPU.Build.0 = Debug|Any CPU
		{68AEF0F5-EFFF-4A51-90BB-5EA6871209AE}.Debug|x64.ActiveCfg = Debug|Any CPU
		{68AEF0F5-EFFF-4A51-90BB-5EA6871209AE}.Debug|x64.Build.0 = Debug|Any CPU
		{68AEF0F5-EFFF-4A51-90BB-5EA6871209AE}.Debug|x86.ActiveCfg = Debug|Any CPU
		{68AEF0F5-EFFF-4A51-90BB-5EA6871209AE}.Debug|x86.Build.0 = Debug|Any CPU
		{68AEF0F5-EFFF-4A51-90BB-5EA6871209AE}.Release|Any CPU.ActiveCfg = Release|Any CPU
		{68AEF0F5-EFFF-4A51-90BB-5EA6871209AE}.Release|Any CPU.Build.0 = Release|Any CPU
		{68AEF0F5-EFFF-4A51-90BB-5EA6871209AE}.Release|x64.ActiveCfg = Release|Any CPU
		{68AEF0F5-EFFF-4A51-90BB-5EA6871209AE}.Release|x64.Build.0 = Release|Any CPU
		{68AEF0F5-EFFF-4A51-90BB-5EA6871209AE}.Release|x86.ActiveCfg = Release|Any CPU
		{68AEF0F5-EFFF-4A51-90BB-5EA6871209AE}.Release|x86.Build.0 = Release|Any CPU
		{32B3D365-9DF9-4EEC-802B-083FF071D283}.Debug|Any CPU.ActiveCfg = Debug|Any CPU
		{32B3D365-9DF9-4EEC-802B-083FF071D283}.Debug|Any CPU.Build.0 = Debug|Any CPU
		{32B3D365-9DF9-4EEC-802B-083FF071D283}.Debug|x64.ActiveCfg = Debug|Any CPU
		{32B3D365-9DF9-4EEC-802B-083FF071D283}.Debug|x64.Build.0 = Debug|Any CPU
		{32B3D365-9DF9-4EEC-802B-083FF071D283}.Debug|x86.ActiveCfg = Debug|Any CPU
		{32B3D365-9DF9-4EEC-802B-083FF071D283}.Debug|x86.Build.0 = Debug|Any CPU
		{32B3D365-9DF9-4EEC-802B-083FF071D283}.Release|Any CPU.ActiveCfg = Release|Any CPU
		{32B3D365-9DF9-4EEC-802B-083FF071D283}.Release|Any CPU.Build.0 = Release|Any CPU
		{32B3D365-9DF9-4EEC-802B-083FF071D283}.Release|x64.ActiveCfg = Release|Any CPU
		{32B3D365-9DF9-4EEC-802B-083FF071D283}.Release|x64.Build.0 = Release|Any CPU
		{32B3D365-9DF9-4EEC-802B-083FF071D283}.Release|x86.ActiveCfg = Release|Any CPU
		{32B3D365-9DF9-4EEC-802B-083FF071D283}.Release|x86.Build.0 = Release|Any CPU
		{10DE433B-2132-41E5-A560-C9EE4C0E2957}.Debug|Any CPU.ActiveCfg = Debug|Any CPU
		{10DE433B-2132-41E5-A560-C9EE4C0E2957}.Debug|Any CPU.Build.0 = Debug|Any CPU
		{10DE433B-2132-41E5-A560-C9EE4C0E2957}.Debug|x64.ActiveCfg = Debug|Any CPU
		{10DE433B-2132-41E5-A560-C9EE4C0E2957}.Debug|x64.Build.0 = Debug|Any CPU
		{10DE433B-2132-41E5-A560-C9EE4C0E2957}.Debug|x86.ActiveCfg = Debug|Any CPU
		{10DE433B-2132-41E5-A560-C9EE4C0E2957}.Debug|x86.Build.0 = Debug|Any CPU
		{10DE433B-2132-41E5-A560-C9EE4C0E2957}.Release|Any CPU.ActiveCfg = Release|Any CPU
		{10DE433B-2132-41E5-A560-C9EE4C0E2957}.Release|Any CPU.Build.0 = Release|Any CPU
		{10DE433B-2132-41E5-A560-C9EE4C0E2957}.Release|x64.ActiveCfg = Release|Any CPU
		{10DE433B-2132-41E5-A560-C9EE4C0E2957}.Release|x64.Build.0 = Release|Any CPU
		{10DE433B-2132-41E5-A560-C9EE4C0E2957}.Release|x86.ActiveCfg = Release|Any CPU
		{10DE433B-2132-41E5-A560-C9EE4C0E2957}.Release|x86.Build.0 = Release|Any CPU
		{EB22058C-EA97-4725-9FED-E355A1BF110C}.Debug|Any CPU.ActiveCfg = Debug|Any CPU
		{EB22058C-EA97-4725-9FED-E355A1BF110C}.Debug|Any CPU.Build.0 = Debug|Any CPU
		{EB22058C-EA97-4725-9FED-E355A1BF110C}.Debug|x64.ActiveCfg = Debug|Any CPU
		{EB22058C-EA97-4725-9FED-E355A1BF110C}.Debug|x64.Build.0 = Debug|Any CPU
		{EB22058C-EA97-4725-9FED-E355A1BF110C}.Debug|x86.ActiveCfg = Debug|Any CPU
		{EB22058C-EA97-4725-9FED-E355A1BF110C}.Debug|x86.Build.0 = Debug|Any CPU
		{EB22058C-EA97-4725-9FED-E355A1BF110C}.Release|Any CPU.ActiveCfg = Release|Any CPU
		{EB22058C-EA97-4725-9FED-E355A1BF110C}.Release|Any CPU.Build.0 = Release|Any CPU
		{EB22058C-EA97-4725-9FED-E355A1BF110C}.Release|x64.ActiveCfg = Release|Any CPU
		{EB22058C-EA97-4725-9FED-E355A1BF110C}.Release|x64.Build.0 = Release|Any CPU
		{EB22058C-EA97-4725-9FED-E355A1BF110C}.Release|x86.ActiveCfg = Release|Any CPU
		{EB22058C-EA97-4725-9FED-E355A1BF110C}.Release|x86.Build.0 = Release|Any CPU
		{A9788DFB-6ADF-42C1-9491-911B175A2864}.Debug|Any CPU.ActiveCfg = Debug|Any CPU
		{A9788DFB-6ADF-42C1-9491-911B175A2864}.Debug|Any CPU.Build.0 = Debug|Any CPU
		{A9788DFB-6ADF-42C1-9491-911B175A2864}.Debug|x64.ActiveCfg = Debug|Any CPU
		{A9788DFB-6ADF-42C1-9491-911B175A2864}.Debug|x64.Build.0 = Debug|Any CPU
		{A9788DFB-6ADF-42C1-9491-911B175A2864}.Debug|x86.ActiveCfg = Debug|Any CPU
		{A9788DFB-6ADF-42C1-9491-911B175A2864}.Debug|x86.Build.0 = Debug|Any CPU
		{A9788DFB-6ADF-42C1-9491-911B175A2864}.Release|Any CPU.ActiveCfg = Release|Any CPU
		{A9788DFB-6ADF-42C1-9491-911B175A2864}.Release|Any CPU.Build.0 = Release|Any CPU
		{A9788DFB-6ADF-42C1-9491-911B175A2864}.Release|x64.ActiveCfg = Release|Any CPU
		{A9788DFB-6ADF-42C1-9491-911B175A2864}.Release|x64.Build.0 = Release|Any CPU
		{A9788DFB-6ADF-42C1-9491-911B175A2864}.Release|x86.ActiveCfg = Release|Any CPU
		{A9788DFB-6ADF-42C1-9491-911B175A2864}.Release|x86.Build.0 = Release|Any CPU
		{FF714176-B9A8-47F3-9241-E0493F0A94D0}.Debug|Any CPU.ActiveCfg = Debug|Any CPU
		{FF714176-B9A8-47F3-9241-E0493F0A94D0}.Debug|Any CPU.Build.0 = Debug|Any CPU
		{FF714176-B9A8-47F3-9241-E0493F0A94D0}.Debug|x64.ActiveCfg = Debug|Any CPU
		{FF714176-B9A8-47F3-9241-E0493F0A94D0}.Debug|x64.Build.0 = Debug|Any CPU
		{FF714176-B9A8-47F3-9241-E0493F0A94D0}.Debug|x86.ActiveCfg = Debug|Any CPU
		{FF714176-B9A8-47F3-9241-E0493F0A94D0}.Debug|x86.Build.0 = Debug|Any CPU
		{FF714176-B9A8-47F3-9241-E0493F0A94D0}.Release|Any CPU.ActiveCfg = Release|Any CPU
		{FF714176-B9A8-47F3-9241-E0493F0A94D0}.Release|Any CPU.Build.0 = Release|Any CPU
		{FF714176-B9A8-47F3-9241-E0493F0A94D0}.Release|x64.ActiveCfg = Release|Any CPU
		{FF714176-B9A8-47F3-9241-E0493F0A94D0}.Release|x64.Build.0 = Release|Any CPU
		{FF714176-B9A8-47F3-9241-E0493F0A94D0}.Release|x86.ActiveCfg = Release|Any CPU
		{FF714176-B9A8-47F3-9241-E0493F0A94D0}.Release|x86.Build.0 = Release|Any CPU
		{1E5570D0-789D-4F26-9DF1-F3F6D2AC4D89}.Debug|Any CPU.ActiveCfg = Debug|Any CPU
		{1E5570D0-789D-4F26-9DF1-F3F6D2AC4D89}.Debug|Any CPU.Build.0 = Debug|Any CPU
		{1E5570D0-789D-4F26-9DF1-F3F6D2AC4D89}.Debug|x64.ActiveCfg = Debug|Any CPU
		{1E5570D0-789D-4F26-9DF1-F3F6D2AC4D89}.Debug|x64.Build.0 = Debug|Any CPU
		{1E5570D0-789D-4F26-9DF1-F3F6D2AC4D89}.Debug|x86.ActiveCfg = Debug|Any CPU
		{1E5570D0-789D-4F26-9DF1-F3F6D2AC4D89}.Debug|x86.Build.0 = Debug|Any CPU
		{1E5570D0-789D-4F26-9DF1-F3F6D2AC4D89}.Release|Any CPU.ActiveCfg = Release|Any CPU
		{1E5570D0-789D-4F26-9DF1-F3F6D2AC4D89}.Release|Any CPU.Build.0 = Release|Any CPU
		{1E5570D0-789D-4F26-9DF1-F3F6D2AC4D89}.Release|x64.ActiveCfg = Release|Any CPU
		{1E5570D0-789D-4F26-9DF1-F3F6D2AC4D89}.Release|x64.Build.0 = Release|Any CPU
		{1E5570D0-789D-4F26-9DF1-F3F6D2AC4D89}.Release|x86.ActiveCfg = Release|Any CPU
		{1E5570D0-789D-4F26-9DF1-F3F6D2AC4D89}.Release|x86.Build.0 = Release|Any CPU
		{D6A89A35-FACA-43D7-A9A2-81BFFF5C9830}.Debug|Any CPU.ActiveCfg = Debug|Any CPU
		{D6A89A35-FACA-43D7-A9A2-81BFFF5C9830}.Debug|Any CPU.Build.0 = Debug|Any CPU
		{D6A89A35-FACA-43D7-A9A2-81BFFF5C9830}.Debug|x64.ActiveCfg = Debug|Any CPU
		{D6A89A35-FACA-43D7-A9A2-81BFFF5C9830}.Debug|x64.Build.0 = Debug|Any CPU
		{D6A89A35-FACA-43D7-A9A2-81BFFF5C9830}.Debug|x86.ActiveCfg = Debug|Any CPU
		{D6A89A35-FACA-43D7-A9A2-81BFFF5C9830}.Debug|x86.Build.0 = Debug|Any CPU
		{D6A89A35-FACA-43D7-A9A2-81BFFF5C9830}.Release|Any CPU.ActiveCfg = Release|Any CPU
		{D6A89A35-FACA-43D7-A9A2-81BFFF5C9830}.Release|Any CPU.Build.0 = Release|Any CPU
		{D6A89A35-FACA-43D7-A9A2-81BFFF5C9830}.Release|x64.ActiveCfg = Release|Any CPU
		{D6A89A35-FACA-43D7-A9A2-81BFFF5C9830}.Release|x64.Build.0 = Release|Any CPU
		{D6A89A35-FACA-43D7-A9A2-81BFFF5C9830}.Release|x86.ActiveCfg = Release|Any CPU
		{D6A89A35-FACA-43D7-A9A2-81BFFF5C9830}.Release|x86.Build.0 = Release|Any CPU
		{E2783ECC-6851-4050-BC74-C88FAF962731}.Debug|Any CPU.ActiveCfg = Debug|Any CPU
		{E2783ECC-6851-4050-BC74-C88FAF962731}.Debug|Any CPU.Build.0 = Debug|Any CPU
		{E2783ECC-6851-4050-BC74-C88FAF962731}.Debug|x64.ActiveCfg = Debug|Any CPU
		{E2783ECC-6851-4050-BC74-C88FAF962731}.Debug|x64.Build.0 = Debug|Any CPU
		{E2783ECC-6851-4050-BC74-C88FAF962731}.Debug|x86.ActiveCfg = Debug|Any CPU
		{E2783ECC-6851-4050-BC74-C88FAF962731}.Debug|x86.Build.0 = Debug|Any CPU
		{E2783ECC-6851-4050-BC74-C88FAF962731}.Release|Any CPU.ActiveCfg = Release|Any CPU
		{E2783ECC-6851-4050-BC74-C88FAF962731}.Release|Any CPU.Build.0 = Release|Any CPU
		{E2783ECC-6851-4050-BC74-C88FAF962731}.Release|x64.ActiveCfg = Release|Any CPU
		{E2783ECC-6851-4050-BC74-C88FAF962731}.Release|x64.Build.0 = Release|Any CPU
		{E2783ECC-6851-4050-BC74-C88FAF962731}.Release|x86.ActiveCfg = Release|Any CPU
		{E2783ECC-6851-4050-BC74-C88FAF962731}.Release|x86.Build.0 = Release|Any CPU
		{32790067-24F4-4D24-BD24-BE29912F7A87}.Debug|Any CPU.ActiveCfg = Debug|Any CPU
		{32790067-24F4-4D24-BD24-BE29912F7A87}.Debug|Any CPU.Build.0 = Debug|Any CPU
		{32790067-24F4-4D24-BD24-BE29912F7A87}.Debug|x64.ActiveCfg = Debug|Any CPU
		{32790067-24F4-4D24-BD24-BE29912F7A87}.Debug|x64.Build.0 = Debug|Any CPU
		{32790067-24F4-4D24-BD24-BE29912F7A87}.Debug|x86.ActiveCfg = Debug|Any CPU
		{32790067-24F4-4D24-BD24-BE29912F7A87}.Debug|x86.Build.0 = Debug|Any CPU
		{32790067-24F4-4D24-BD24-BE29912F7A87}.Release|Any CPU.ActiveCfg = Release|Any CPU
		{32790067-24F4-4D24-BD24-BE29912F7A87}.Release|Any CPU.Build.0 = Release|Any CPU
		{32790067-24F4-4D24-BD24-BE29912F7A87}.Release|x64.ActiveCfg = Release|Any CPU
		{32790067-24F4-4D24-BD24-BE29912F7A87}.Release|x64.Build.0 = Release|Any CPU
		{32790067-24F4-4D24-BD24-BE29912F7A87}.Release|x86.ActiveCfg = Release|Any CPU
		{32790067-24F4-4D24-BD24-BE29912F7A87}.Release|x86.Build.0 = Release|Any CPU
		{ACB8BB0A-5974-466D-95A8-A6B21C69BC64}.Debug|Any CPU.ActiveCfg = Debug|Any CPU
		{ACB8BB0A-5974-466D-95A8-A6B21C69BC64}.Debug|Any CPU.Build.0 = Debug|Any CPU
		{ACB8BB0A-5974-466D-95A8-A6B21C69BC64}.Debug|x64.ActiveCfg = Debug|Any CPU
		{ACB8BB0A-5974-466D-95A8-A6B21C69BC64}.Debug|x64.Build.0 = Debug|Any CPU
		{ACB8BB0A-5974-466D-95A8-A6B21C69BC64}.Debug|x86.ActiveCfg = Debug|Any CPU
		{ACB8BB0A-5974-466D-95A8-A6B21C69BC64}.Debug|x86.Build.0 = Debug|Any CPU
		{ACB8BB0A-5974-466D-95A8-A6B21C69BC64}.Release|Any CPU.ActiveCfg = Release|Any CPU
		{ACB8BB0A-5974-466D-95A8-A6B21C69BC64}.Release|Any CPU.Build.0 = Release|Any CPU
		{ACB8BB0A-5974-466D-95A8-A6B21C69BC64}.Release|x64.ActiveCfg = Release|Any CPU
		{ACB8BB0A-5974-466D-95A8-A6B21C69BC64}.Release|x64.Build.0 = Release|Any CPU
		{ACB8BB0A-5974-466D-95A8-A6B21C69BC64}.Release|x86.ActiveCfg = Release|Any CPU
		{ACB8BB0A-5974-466D-95A8-A6B21C69BC64}.Release|x86.Build.0 = Release|Any CPU
		{31205D35-0341-478B-9F52-0EEFEA8B3998}.Debug|Any CPU.ActiveCfg = Debug|Any CPU
		{31205D35-0341-478B-9F52-0EEFEA8B3998}.Debug|Any CPU.Build.0 = Debug|Any CPU
		{31205D35-0341-478B-9F52-0EEFEA8B3998}.Debug|x64.ActiveCfg = Debug|Any CPU
		{31205D35-0341-478B-9F52-0EEFEA8B3998}.Debug|x64.Build.0 = Debug|Any CPU
		{31205D35-0341-478B-9F52-0EEFEA8B3998}.Debug|x86.ActiveCfg = Debug|Any CPU
		{31205D35-0341-478B-9F52-0EEFEA8B3998}.Debug|x86.Build.0 = Debug|Any CPU
		{31205D35-0341-478B-9F52-0EEFEA8B3998}.Release|Any CPU.ActiveCfg = Release|Any CPU
		{31205D35-0341-478B-9F52-0EEFEA8B3998}.Release|Any CPU.Build.0 = Release|Any CPU
		{31205D35-0341-478B-9F52-0EEFEA8B3998}.Release|x64.ActiveCfg = Release|Any CPU
		{31205D35-0341-478B-9F52-0EEFEA8B3998}.Release|x64.Build.0 = Release|Any CPU
		{31205D35-0341-478B-9F52-0EEFEA8B3998}.Release|x86.ActiveCfg = Release|Any CPU
		{31205D35-0341-478B-9F52-0EEFEA8B3998}.Release|x86.Build.0 = Release|Any CPU
		{C05E6781-BBA7-47AA-96C4-A763661DA9E6}.Debug|Any CPU.ActiveCfg = Debug|Any CPU
		{C05E6781-BBA7-47AA-96C4-A763661DA9E6}.Debug|Any CPU.Build.0 = Debug|Any CPU
		{C05E6781-BBA7-47AA-96C4-A763661DA9E6}.Debug|x64.ActiveCfg = Debug|Any CPU
		{C05E6781-BBA7-47AA-96C4-A763661DA9E6}.Debug|x64.Build.0 = Debug|Any CPU
		{C05E6781-BBA7-47AA-96C4-A763661DA9E6}.Debug|x86.ActiveCfg = Debug|Any CPU
		{C05E6781-BBA7-47AA-96C4-A763661DA9E6}.Debug|x86.Build.0 = Debug|Any CPU
		{C05E6781-BBA7-47AA-96C4-A763661DA9E6}.Release|Any CPU.ActiveCfg = Release|Any CPU
		{C05E6781-BBA7-47AA-96C4-A763661DA9E6}.Release|Any CPU.Build.0 = Release|Any CPU
		{C05E6781-BBA7-47AA-96C4-A763661DA9E6}.Release|x64.ActiveCfg = Release|Any CPU
		{C05E6781-BBA7-47AA-96C4-A763661DA9E6}.Release|x64.Build.0 = Release|Any CPU
		{C05E6781-BBA7-47AA-96C4-A763661DA9E6}.Release|x86.ActiveCfg = Release|Any CPU
		{C05E6781-BBA7-47AA-96C4-A763661DA9E6}.Release|x86.Build.0 = Release|Any CPU
		{B2B0FB66-F7A3-46A0-986C-189F25357A54}.Debug|Any CPU.ActiveCfg = Debug|Any CPU
		{B2B0FB66-F7A3-46A0-986C-189F25357A54}.Debug|Any CPU.Build.0 = Debug|Any CPU
		{B2B0FB66-F7A3-46A0-986C-189F25357A54}.Debug|x64.ActiveCfg = Debug|Any CPU
		{B2B0FB66-F7A3-46A0-986C-189F25357A54}.Debug|x64.Build.0 = Debug|Any CPU
		{B2B0FB66-F7A3-46A0-986C-189F25357A54}.Debug|x86.ActiveCfg = Debug|Any CPU
		{B2B0FB66-F7A3-46A0-986C-189F25357A54}.Debug|x86.Build.0 = Debug|Any CPU
		{B2B0FB66-F7A3-46A0-986C-189F25357A54}.Release|Any CPU.ActiveCfg = Release|Any CPU
		{B2B0FB66-F7A3-46A0-986C-189F25357A54}.Release|Any CPU.Build.0 = Release|Any CPU
		{B2B0FB66-F7A3-46A0-986C-189F25357A54}.Release|x64.ActiveCfg = Release|Any CPU
		{B2B0FB66-F7A3-46A0-986C-189F25357A54}.Release|x64.Build.0 = Release|Any CPU
		{B2B0FB66-F7A3-46A0-986C-189F25357A54}.Release|x86.ActiveCfg = Release|Any CPU
		{B2B0FB66-F7A3-46A0-986C-189F25357A54}.Release|x86.Build.0 = Release|Any CPU
		{CCDCF9A4-5207-40EA-A0A2-86BDD2FEA22C}.Debug|Any CPU.ActiveCfg = Debug|Any CPU
		{CCDCF9A4-5207-40EA-A0A2-86BDD2FEA22C}.Debug|Any CPU.Build.0 = Debug|Any CPU
		{CCDCF9A4-5207-40EA-A0A2-86BDD2FEA22C}.Debug|x64.ActiveCfg = Debug|Any CPU
		{CCDCF9A4-5207-40EA-A0A2-86BDD2FEA22C}.Debug|x64.Build.0 = Debug|Any CPU
		{CCDCF9A4-5207-40EA-A0A2-86BDD2FEA22C}.Debug|x86.ActiveCfg = Debug|Any CPU
		{CCDCF9A4-5207-40EA-A0A2-86BDD2FEA22C}.Debug|x86.Build.0 = Debug|Any CPU
		{CCDCF9A4-5207-40EA-A0A2-86BDD2FEA22C}.Release|Any CPU.ActiveCfg = Release|Any CPU
		{CCDCF9A4-5207-40EA-A0A2-86BDD2FEA22C}.Release|Any CPU.Build.0 = Release|Any CPU
		{CCDCF9A4-5207-40EA-A0A2-86BDD2FEA22C}.Release|x64.ActiveCfg = Release|Any CPU
		{CCDCF9A4-5207-40EA-A0A2-86BDD2FEA22C}.Release|x64.Build.0 = Release|Any CPU
		{CCDCF9A4-5207-40EA-A0A2-86BDD2FEA22C}.Release|x86.ActiveCfg = Release|Any CPU
		{CCDCF9A4-5207-40EA-A0A2-86BDD2FEA22C}.Release|x86.Build.0 = Release|Any CPU
		{6092AEDB-13CB-41A3-AAA6-CFADEF13B0D6}.Debug|Any CPU.ActiveCfg = Debug|Any CPU
		{6092AEDB-13CB-41A3-AAA6-CFADEF13B0D6}.Debug|Any CPU.Build.0 = Debug|Any CPU
		{6092AEDB-13CB-41A3-AAA6-CFADEF13B0D6}.Debug|x64.ActiveCfg = Debug|Any CPU
		{6092AEDB-13CB-41A3-AAA6-CFADEF13B0D6}.Debug|x64.Build.0 = Debug|Any CPU
		{6092AEDB-13CB-41A3-AAA6-CFADEF13B0D6}.Debug|x86.ActiveCfg = Debug|Any CPU
		{6092AEDB-13CB-41A3-AAA6-CFADEF13B0D6}.Debug|x86.Build.0 = Debug|Any CPU
		{6092AEDB-13CB-41A3-AAA6-CFADEF13B0D6}.Release|Any CPU.ActiveCfg = Release|Any CPU
		{6092AEDB-13CB-41A3-AAA6-CFADEF13B0D6}.Release|Any CPU.Build.0 = Release|Any CPU
		{6092AEDB-13CB-41A3-AAA6-CFADEF13B0D6}.Release|x64.ActiveCfg = Release|Any CPU
		{6092AEDB-13CB-41A3-AAA6-CFADEF13B0D6}.Release|x64.Build.0 = Release|Any CPU
		{6092AEDB-13CB-41A3-AAA6-CFADEF13B0D6}.Release|x86.ActiveCfg = Release|Any CPU
		{6092AEDB-13CB-41A3-AAA6-CFADEF13B0D6}.Release|x86.Build.0 = Release|Any CPU
		{7B82DBA8-9277-47D7-9A5A-1494883AE425}.Debug|Any CPU.ActiveCfg = Debug|Any CPU
		{7B82DBA8-9277-47D7-9A5A-1494883AE425}.Debug|Any CPU.Build.0 = Debug|Any CPU
		{7B82DBA8-9277-47D7-9A5A-1494883AE425}.Debug|x64.ActiveCfg = Debug|Any CPU
		{7B82DBA8-9277-47D7-9A5A-1494883AE425}.Debug|x64.Build.0 = Debug|Any CPU
		{7B82DBA8-9277-47D7-9A5A-1494883AE425}.Debug|x86.ActiveCfg = Debug|Any CPU
		{7B82DBA8-9277-47D7-9A5A-1494883AE425}.Debug|x86.Build.0 = Debug|Any CPU
		{7B82DBA8-9277-47D7-9A5A-1494883AE425}.Release|Any CPU.ActiveCfg = Release|Any CPU
		{7B82DBA8-9277-47D7-9A5A-1494883AE425}.Release|Any CPU.Build.0 = Release|Any CPU
		{7B82DBA8-9277-47D7-9A5A-1494883AE425}.Release|x64.ActiveCfg = Release|Any CPU
		{7B82DBA8-9277-47D7-9A5A-1494883AE425}.Release|x64.Build.0 = Release|Any CPU
		{7B82DBA8-9277-47D7-9A5A-1494883AE425}.Release|x86.ActiveCfg = Release|Any CPU
		{7B82DBA8-9277-47D7-9A5A-1494883AE425}.Release|x86.Build.0 = Release|Any CPU
	EndGlobalSection
	GlobalSection(SolutionProperties) = preSolution
		HideSolutionNode = FALSE
	EndGlobalSection
	GlobalSection(ExtensibilityGlobals) = postSolution
		SolutionGuid = {9D840856-3C84-4A10-87AC-AC108D7B956D}
	EndGlobalSection
EndGlobal
